{
  "name": "drawing-msagl-js",
  "version": "0.0.1",
  "lockfileVersion": 2,
  "requires": true,
  "packages": {
    "": {
      "name": "drawing-msagl-js",
      "version": "0.0.1",
      "license": "MIT",
      "dependencies": {
        "dotparser": "^1.1.0",
        "msagl-js": "^0.0.19",
        "parse-color": "^1.0.0"
      }
    },
    "node_modules/@esfx/collection-core": {
      "version": "1.0.0-pre.24",
      "resolved": "https://registry.npmjs.org/@esfx/collection-core/-/collection-core-1.0.0-pre.24.tgz",
      "integrity": "sha512-OIgMS91JmjSoRWD7u/DfnDzo8vDggeTeUPRi1p5WhyboY0+IwmetEqgeHZb8bpka/SsmtYX5qxqEjeqNXqh+pA==",
      "dependencies": {
        "@esfx/internal-deprecate": "^1.0.0-pre.24",
        "@esfx/internal-guards": "^1.0.0-pre.23"
      }
    },
    "node_modules/@esfx/collections": {
      "version": "1.0.0-pre.24",
      "resolved": "https://registry.npmjs.org/@esfx/collections/-/collections-1.0.0-pre.24.tgz",
      "integrity": "sha512-RJ0IhwXnmFRic3AoZCJRiwtdR6LK62QvZCt5jUY/ADoLaFCoxOaTvBpsY1Ywaf15DYkNTQcEXQXRXXS2yRoI6g==",
      "dependencies": {
        "@esfx/collections-hashmap": "^1.0.0-pre.24",
        "@esfx/collections-hashset": "^1.0.0-pre.24",
        "@esfx/collections-linkedlist": "^1.0.0-pre.24",
        "@esfx/collections-multimap": "^1.0.0-pre.24",
        "@esfx/collections-sortedmap": "^1.0.0-pre.24",
        "@esfx/collections-sortedset": "^1.0.0-pre.24",
        "tslib": "^2.1.0"
      }
    },
    "node_modules/@esfx/collections-hashmap": {
      "version": "1.0.0-pre.24",
      "resolved": "https://registry.npmjs.org/@esfx/collections-hashmap/-/collections-hashmap-1.0.0-pre.24.tgz",
      "integrity": "sha512-Xh2N1340NYdK+s2Vy5PUv1dAw0SHsDff+dFNEm5fVP41aPXrmTWjo333JsILicJzWtIa/bgEXuIm0/MeJgY3nA==",
      "dependencies": {
        "@esfx/collection-core": "^1.0.0-pre.24",
        "@esfx/equatable": "^1.0.0-pre.19",
        "@esfx/internal-collections-hash": "^1.0.0-pre.19",
        "@esfx/internal-guards": "^1.0.0-pre.23"
      }
    },
    "node_modules/@esfx/collections-hashset": {
      "version": "1.0.0-pre.24",
      "resolved": "https://registry.npmjs.org/@esfx/collections-hashset/-/collections-hashset-1.0.0-pre.24.tgz",
      "integrity": "sha512-Yk3EIlQQX+X8XhMVvS+LYoohX85LVSsJO2KWOBIouqpWLJEYfdI/Vw/d4dLztSHt/+WNSon+flFaz5wPaY2XZg==",
      "dependencies": {
        "@esfx/collection-core": "^1.0.0-pre.24",
        "@esfx/equatable": "^1.0.0-pre.19",
        "@esfx/internal-collections-hash": "^1.0.0-pre.19",
        "@esfx/internal-guards": "^1.0.0-pre.23"
      }
    },
    "node_modules/@esfx/collections-linkedlist": {
      "version": "1.0.0-pre.24",
      "resolved": "https://registry.npmjs.org/@esfx/collections-linkedlist/-/collections-linkedlist-1.0.0-pre.24.tgz",
      "integrity": "sha512-Maya8jXH0xvzyfeSH88/j2b5gavO/mluslgIC2Ttdz8rh6+3o8/pVYriceH/Jinn4pgTEzDhO6Rn/aruZG0+Ug==",
      "dependencies": {
        "@esfx/collection-core": "^1.0.0-pre.24",
        "@esfx/equatable": "^1.0.0-pre.19",
        "@esfx/internal-guards": "^1.0.0-pre.23"
      }
    },
    "node_modules/@esfx/collections-multimap": {
      "version": "1.0.0-pre.24",
      "resolved": "https://registry.npmjs.org/@esfx/collections-multimap/-/collections-multimap-1.0.0-pre.24.tgz",
      "integrity": "sha512-4RcvJOo9rAY4NecVleEnswCWbWw0N7ehm+5BZvenXO7gbqb6Fd+ChVt1+IjWsTLTSe/3xG/ufHDGRQw9IrX/qg==",
      "dependencies": {
        "@esfx/collection-core": "^1.0.0-pre.24",
        "@esfx/collections-hashmap": "^1.0.0-pre.24",
        "@esfx/collections-hashset": "^1.0.0-pre.24",
        "@esfx/equatable": "^1.0.0-pre.19",
        "@esfx/internal-guards": "^1.0.0-pre.23"
      }
    },
    "node_modules/@esfx/collections-sortedmap": {
      "version": "1.0.0-pre.24",
      "resolved": "https://registry.npmjs.org/@esfx/collections-sortedmap/-/collections-sortedmap-1.0.0-pre.24.tgz",
      "integrity": "sha512-1YX42ssJDknSQIZ3YXai7KbsuA13IWXiBEEhqDqubGD8AzPFhRstc1cE/sD30l8Zo9ieQCP3mCvTLfDCRrgKww==",
      "dependencies": {
        "@esfx/collection-core": "^1.0.0-pre.24",
        "@esfx/equatable": "^1.0.0-pre.19",
        "@esfx/internal-binarysearch": "^1.0.0-pre.19",
        "@esfx/internal-guards": "^1.0.0-pre.23"
      }
    },
    "node_modules/@esfx/collections-sortedset": {
      "version": "1.0.0-pre.24",
      "resolved": "https://registry.npmjs.org/@esfx/collections-sortedset/-/collections-sortedset-1.0.0-pre.24.tgz",
      "integrity": "sha512-81oqO9MtFCouAGeJH+0Akx2rPDi+Lb8TwluN/ufdMILVJui9wktoScxD4RkArUxIg/GFUpXKfWSh4QXets1msg==",
      "dependencies": {
        "@esfx/collection-core": "^1.0.0-pre.24",
        "@esfx/equatable": "^1.0.0-pre.19",
        "@esfx/internal-binarysearch": "^1.0.0-pre.19",
        "@esfx/internal-guards": "^1.0.0-pre.23"
      }
    },
    "node_modules/@esfx/equatable": {
      "version": "1.0.0-pre.19",
      "resolved": "https://registry.npmjs.org/@esfx/equatable/-/equatable-1.0.0-pre.19.tgz",
      "integrity": "sha512-+f6Xm6GOigyGx7t0D0IyG9Z0AuYDhNWjwV49vs5uNG/+0VQAOSYjmnpSzTZRYcYwxW52DmWJWFYNY8bvCDD2ag=="
    },
    "node_modules/@esfx/internal-binarysearch": {
      "version": "1.0.0-pre.19",
      "resolved": "https://registry.npmjs.org/@esfx/internal-binarysearch/-/internal-binarysearch-1.0.0-pre.19.tgz",
      "integrity": "sha512-XWM0WwZaUGpr1YkAoKey3vrxTSLNRCz5Y1peNtG8SvpxCXJk6K9yM8SUNOAb14A0TJ4r9cnKRfjb6g44NPW9KA==",
      "dependencies": {
        "@esfx/equatable": "^1.0.0-pre.19"
      }
    },
    "node_modules/@esfx/internal-collections-hash": {
      "version": "1.0.0-pre.19",
      "resolved": "https://registry.npmjs.org/@esfx/internal-collections-hash/-/internal-collections-hash-1.0.0-pre.19.tgz",
      "integrity": "sha512-K/x3+mAYh0ecTYIUPbU8OM5GKnneR2Zwv0sc8TWcH18EFAhO9XGd/2cvjPVSreOW3zWsdnoI1nIw8TFovbOk3Q==",
      "dependencies": {
        "@esfx/equatable": "^1.0.0-pre.19"
      }
    },
    "node_modules/@esfx/internal-deprecate": {
      "version": "1.0.0-pre.24",
      "resolved": "https://registry.npmjs.org/@esfx/internal-deprecate/-/internal-deprecate-1.0.0-pre.24.tgz",
      "integrity": "sha512-TSU5k04+nuVQdyfYhaVXxyskdiwYQHgwN20J3cbyRrm/YFi2dOoFSLFvkMNh7LNOPGWSOg6pfAm3kd23ISR3Ow=="
    },
    "node_modules/@esfx/internal-guards": {
      "version": "1.0.0-pre.23",
      "resolved": "https://registry.npmjs.org/@esfx/internal-guards/-/internal-guards-1.0.0-pre.23.tgz",
      "integrity": "sha512-y2svuwRERA2eKF1T/Stq+O8kPjicFQcUTob5je3L6iloOHnOD0sX6aQLvheWmTXXS7hAnjlyMeSN/ec84BRyHg==",
      "dependencies": {
        "@esfx/type-model": "^1.0.0-pre.23"
      }
    },
    "node_modules/@esfx/type-model": {
      "version": "1.0.0-pre.23",
      "resolved": "https://registry.npmjs.org/@esfx/type-model/-/type-model-1.0.0-pre.23.tgz",
      "integrity": "sha512-jwcSY9pqEmGoDNhfT+0LUmSTyk6zXF/pbgKb7KU7mTfCrWfVCT/ve61cD1CreerDRBSat/s55se0lJXwDSjhuA=="
    },
    "node_modules/@types/parse-color": {
      "version": "1.0.1",
      "resolved": "https://registry.npmjs.org/@types/parse-color/-/parse-color-1.0.1.tgz",
      "integrity": "sha512-IEWhURMWTsse+MWUsebpmHw1yS0hI/yFxO4kY12Rh0MzW/AUbuk1cc6GlWUCRTEYtXuW6M0rP8Q8IDZY/YGX0Q=="
    },
    "node_modules/color-convert": {
      "version": "0.5.3",
      "resolved": "https://registry.npmjs.org/color-convert/-/color-convert-0.5.3.tgz",
      "integrity": "sha1-vbbGnOZg+t/+CwAHzER+G59ygr0="
    },
    "node_modules/dotparser": {
      "version": "1.1.0",
      "resolved": "https://registry.npmjs.org/dotparser/-/dotparser-1.1.0.tgz",
      "integrity": "sha512-+W8YHUwd0F7RNGIdRHTeVwTIC1z8penS3E2xN45iA3iEzrtj9auYUrJ7o+TwQpy2qy/HfnEYoEBAcvUD9d1MyA=="
    },
    "node_modules/linked-list-typescript": {
      "version": "1.0.15",
      "resolved": "https://registry.npmjs.org/linked-list-typescript/-/linked-list-typescript-1.0.15.tgz",
      "integrity": "sha512-RIyUu9lnJIyIaMe63O7/aFv/T2v3KsMFuXMBbUQCHX+cgtGro86ETDj5ed0a8gQL2+DFjzYYsgVG4I36/cUwgw=="
    },
    "node_modules/linq-to-typescript": {
      "version": "8.1.0",
      "resolved": "https://registry.npmjs.org/linq-to-typescript/-/linq-to-typescript-8.1.0.tgz",
      "integrity": "sha512-gxx0HEGktFJkJZzgMsqRQCFamgtjSpOFoYACAz+Ic7PPphMPNKxwuxhzU+KBiLxW3o/fXXqNjw3M/WuqkhzjBQ==",
      "peerDependencies": {
        "tslib": ">=1.14.0"
      }
    },
    "node_modules/msagl-js": {
      "version": "0.0.19",
      "resolved": "https://registry.npmjs.org/msagl-js/-/msagl-js-0.0.19.tgz",
      "integrity": "sha512-uyCNJahfrutSjrjNt47TI+IUwTkktQjzHvN+AnyDS+PnC4z6w9NapDQK/9gWJaGsz6bHd6oRy61ld6TunJnBIQ==",
      "dependencies": {
        "@esfx/collections": "^1.0.0-pre.19",
        "@esfx/collections-sortedmap": "^1.0.0-pre.19",
        "@types/parse-color": "^1.0.1",
        "linq-to-typescript": "^8.1.0",
        "prettier": "^2.4.1",
        "queue-typescript": "^1.0.1",
        "reliable-random": "^0.0.1",
        "stack-typescript": "^1.0.4",
        "typescript-string-operations": "^1.4.1"
      }
    },
    "node_modules/parse-color": {
      "version": "1.0.0",
      "resolved": "https://registry.npmjs.org/parse-color/-/parse-color-1.0.0.tgz",
      "integrity": "sha1-e3SLlag/A/FqlPU15S1/PZRlhhk=",
      "dependencies": {
        "color-convert": "~0.5.0"
      }
    },
    "node_modules/prettier": {
      "version": "2.4.1",
      "resolved": "https://registry.npmjs.org/prettier/-/prettier-2.4.1.tgz",
      "integrity": "sha512-9fbDAXSBcc6Bs1mZrDYb3XKzDLm4EXXL9sC1LqKP5rZkT6KRr/rf9amVUcODVXgguK/isJz0d0hP72WeaKWsvA==",
      "bin": {
        "prettier": "bin-prettier.js"
      },
      "engines": {
        "node": ">=10.13.0"
      }
    },
    "node_modules/queue-typescript": {
      "version": "1.0.1",
      "resolved": "https://registry.npmjs.org/queue-typescript/-/queue-typescript-1.0.1.tgz",
      "integrity": "sha512-tkK08uPfmpPl0cX1WRSU3EoNb/T5zSoZPGkkpfGX4E8QayWvEmLS2cI3pFngNPkNTCU5pCDQ1IwlzN0L5gdFPg==",
      "dependencies": {
        "linked-list-typescript": "^1.0.11"
      }
    },
    "node_modules/reliable-random": {
      "version": "0.0.1",
      "resolved": "https://registry.npmjs.org/reliable-random/-/reliable-random-0.0.1.tgz",
      "integrity": "sha512-xIGavEfnUNhy0PynyoqaWSkPBvDQf1NzVdXWXWYqeMH4Xx+887kuHSkoJm6uR/79XA0T5hkjv4H6GRTSNHih7A=="
    },
    "node_modules/stack-typescript": {
      "version": "1.0.4",
      "resolved": "https://registry.npmjs.org/stack-typescript/-/stack-typescript-1.0.4.tgz",
      "integrity": "sha512-LAFycOVCWRYP6TDbwXR2XeXTmKjZT+wpdC4GEnBWWYfyTUK7NOassuqVTbUXsEA6CTCgk4FMOkUi+yFS33D1mw==",
      "dependencies": {
        "linked-list-typescript": "^1.0.11"
      }
    },
    "node_modules/tslib": {
      "version": "2.3.1",
      "resolved": "https://registry.npmjs.org/tslib/-/tslib-2.3.1.tgz",
      "integrity": "sha512-77EbyPPpMz+FRFRuAFlWMtmgUWGe9UOG2Z25NqCwiIjRhOf5iKGuzSe5P2w1laq+FkRy4p+PCuVkJSGkzTEKVw=="
    },
    "node_modules/typescript-string-operations": {
      "version": "1.4.1",
      "resolved": "https://registry.npmjs.org/typescript-string-operations/-/typescript-string-operations-1.4.1.tgz",
      "integrity": "sha512-c+q+Tb0hxeebohdT9KpGUAm5zwxhU8pHeNOeuLCGFMXKN0OrldoAxtufrGLR3xSPCXDA4A3IBCEdRNNscVqLQg=="
    }
  },
  "dependencies": {
    "@esfx/collection-core": {
      "version": "1.0.0-pre.24",
      "resolved": "https://registry.npmjs.org/@esfx/collection-core/-/collection-core-1.0.0-pre.24.tgz",
      "integrity": "sha512-OIgMS91JmjSoRWD7u/DfnDzo8vDggeTeUPRi1p5WhyboY0+IwmetEqgeHZb8bpka/SsmtYX5qxqEjeqNXqh+pA==",
      "requires": {
        "@esfx/internal-deprecate": "^1.0.0-pre.24",
        "@esfx/internal-guards": "^1.0.0-pre.23"
      }
    },
    "@esfx/collections": {
      "version": "1.0.0-pre.24",
      "resolved": "https://registry.npmjs.org/@esfx/collections/-/collections-1.0.0-pre.24.tgz",
      "integrity": "sha512-RJ0IhwXnmFRic3AoZCJRiwtdR6LK62QvZCt5jUY/ADoLaFCoxOaTvBpsY1Ywaf15DYkNTQcEXQXRXXS2yRoI6g==",
      "requires": {
        "@esfx/collections-hashmap": "^1.0.0-pre.24",
        "@esfx/collections-hashset": "^1.0.0-pre.24",
        "@esfx/collections-linkedlist": "^1.0.0-pre.24",
        "@esfx/collections-multimap": "^1.0.0-pre.24",
        "@esfx/collections-sortedmap": "^1.0.0-pre.24",
        "@esfx/collections-sortedset": "^1.0.0-pre.24",
        "tslib": "^2.1.0"
      }
    },
    "@esfx/collections-hashmap": {
      "version": "1.0.0-pre.24",
      "resolved": "https://registry.npmjs.org/@esfx/collections-hashmap/-/collections-hashmap-1.0.0-pre.24.tgz",
      "integrity": "sha512-Xh2N1340NYdK+s2Vy5PUv1dAw0SHsDff+dFNEm5fVP41aPXrmTWjo333JsILicJzWtIa/bgEXuIm0/MeJgY3nA==",
      "requires": {
        "@esfx/collection-core": "^1.0.0-pre.24",
        "@esfx/equatable": "^1.0.0-pre.19",
        "@esfx/internal-collections-hash": "^1.0.0-pre.19",
        "@esfx/internal-guards": "^1.0.0-pre.23"
      }
    },
    "@esfx/collections-hashset": {
      "version": "1.0.0-pre.24",
      "resolved": "https://registry.npmjs.org/@esfx/collections-hashset/-/collections-hashset-1.0.0-pre.24.tgz",
      "integrity": "sha512-Yk3EIlQQX+X8XhMVvS+LYoohX85LVSsJO2KWOBIouqpWLJEYfdI/Vw/d4dLztSHt/+WNSon+flFaz5wPaY2XZg==",
      "requires": {
        "@esfx/collection-core": "^1.0.0-pre.24",
        "@esfx/equatable": "^1.0.0-pre.19",
        "@esfx/internal-collections-hash": "^1.0.0-pre.19",
        "@esfx/internal-guards": "^1.0.0-pre.23"
      }
    },
    "@esfx/collections-linkedlist": {
      "version": "1.0.0-pre.24",
      "resolved": "https://registry.npmjs.org/@esfx/collections-linkedlist/-/collections-linkedlist-1.0.0-pre.24.tgz",
      "integrity": "sha512-Maya8jXH0xvzyfeSH88/j2b5gavO/mluslgIC2Ttdz8rh6+3o8/pVYriceH/Jinn4pgTEzDhO6Rn/aruZG0+Ug==",
      "requires": {
        "@esfx/collection-core": "^1.0.0-pre.24",
        "@esfx/equatable": "^1.0.0-pre.19",
        "@esfx/internal-guards": "^1.0.0-pre.23"
      }
    },
    "@esfx/collections-multimap": {
      "version": "1.0.0-pre.24",
      "resolved": "https://registry.npmjs.org/@esfx/collections-multimap/-/collections-multimap-1.0.0-pre.24.tgz",
      "integrity": "sha512-4RcvJOo9rAY4NecVleEnswCWbWw0N7ehm+5BZvenXO7gbqb6Fd+ChVt1+IjWsTLTSe/3xG/ufHDGRQw9IrX/qg==",
      "requires": {
        "@esfx/collection-core": "^1.0.0-pre.24",
        "@esfx/collections-hashmap": "^1.0.0-pre.24",
        "@esfx/collections-hashset": "^1.0.0-pre.24",
        "@esfx/equatable": "^1.0.0-pre.19",
        "@esfx/internal-guards": "^1.0.0-pre.23"
      }
    },
    "@esfx/collections-sortedmap": {
      "version": "1.0.0-pre.24",
      "resolved": "https://registry.npmjs.org/@esfx/collections-sortedmap/-/collections-sortedmap-1.0.0-pre.24.tgz",
      "integrity": "sha512-1YX42ssJDknSQIZ3YXai7KbsuA13IWXiBEEhqDqubGD8AzPFhRstc1cE/sD30l8Zo9ieQCP3mCvTLfDCRrgKww==",
      "requires": {
        "@esfx/collection-core": "^1.0.0-pre.24",
        "@esfx/equatable": "^1.0.0-pre.19",
        "@esfx/internal-binarysearch": "^1.0.0-pre.19",
        "@esfx/internal-guards": "^1.0.0-pre.23"
      }
    },
    "@esfx/collections-sortedset": {
      "version": "1.0.0-pre.24",
      "resolved": "https://registry.npmjs.org/@esfx/collections-sortedset/-/collections-sortedset-1.0.0-pre.24.tgz",
      "integrity": "sha512-81oqO9MtFCouAGeJH+0Akx2rPDi+Lb8TwluN/ufdMILVJui9wktoScxD4RkArUxIg/GFUpXKfWSh4QXets1msg==",
      "requires": {
        "@esfx/collection-core": "^1.0.0-pre.24",
        "@esfx/equatable": "^1.0.0-pre.19",
        "@esfx/internal-binarysearch": "^1.0.0-pre.19",
        "@esfx/internal-guards": "^1.0.0-pre.23"
      }
    },
    "@esfx/equatable": {
      "version": "1.0.0-pre.19",
      "resolved": "https://registry.npmjs.org/@esfx/equatable/-/equatable-1.0.0-pre.19.tgz",
      "integrity": "sha512-+f6Xm6GOigyGx7t0D0IyG9Z0AuYDhNWjwV49vs5uNG/+0VQAOSYjmnpSzTZRYcYwxW52DmWJWFYNY8bvCDD2ag=="
    },
    "@esfx/internal-binarysearch": {
      "version": "1.0.0-pre.19",
      "resolved": "https://registry.npmjs.org/@esfx/internal-binarysearch/-/internal-binarysearch-1.0.0-pre.19.tgz",
      "integrity": "sha512-XWM0WwZaUGpr1YkAoKey3vrxTSLNRCz5Y1peNtG8SvpxCXJk6K9yM8SUNOAb14A0TJ4r9cnKRfjb6g44NPW9KA==",
      "requires": {
        "@esfx/equatable": "^1.0.0-pre.19"
      }
    },
    "@esfx/internal-collections-hash": {
      "version": "1.0.0-pre.19",
      "resolved": "https://registry.npmjs.org/@esfx/internal-collections-hash/-/internal-collections-hash-1.0.0-pre.19.tgz",
      "integrity": "sha512-K/x3+mAYh0ecTYIUPbU8OM5GKnneR2Zwv0sc8TWcH18EFAhO9XGd/2cvjPVSreOW3zWsdnoI1nIw8TFovbOk3Q==",
      "requires": {
        "@esfx/equatable": "^1.0.0-pre.19"
      }
    },
    "@esfx/internal-deprecate": {
      "version": "1.0.0-pre.24",
      "resolved": "https://registry.npmjs.org/@esfx/internal-deprecate/-/internal-deprecate-1.0.0-pre.24.tgz",
      "integrity": "sha512-TSU5k04+nuVQdyfYhaVXxyskdiwYQHgwN20J3cbyRrm/YFi2dOoFSLFvkMNh7LNOPGWSOg6pfAm3kd23ISR3Ow=="
    },
    "@esfx/internal-guards": {
      "version": "1.0.0-pre.23",
      "resolved": "https://registry.npmjs.org/@esfx/internal-guards/-/internal-guards-1.0.0-pre.23.tgz",
      "integrity": "sha512-y2svuwRERA2eKF1T/Stq+O8kPjicFQcUTob5je3L6iloOHnOD0sX6aQLvheWmTXXS7hAnjlyMeSN/ec84BRyHg==",
      "requires": {
        "@esfx/type-model": "^1.0.0-pre.23"
      }
    },
    "@esfx/type-model": {
      "version": "1.0.0-pre.23",
      "resolved": "https://registry.npmjs.org/@esfx/type-model/-/type-model-1.0.0-pre.23.tgz",
      "integrity": "sha512-jwcSY9pqEmGoDNhfT+0LUmSTyk6zXF/pbgKb7KU7mTfCrWfVCT/ve61cD1CreerDRBSat/s55se0lJXwDSjhuA=="
    },
    "@types/parse-color": {
      "version": "1.0.1",
      "resolved": "https://registry.npmjs.org/@types/parse-color/-/parse-color-1.0.1.tgz",
      "integrity": "sha512-IEWhURMWTsse+MWUsebpmHw1yS0hI/yFxO4kY12Rh0MzW/AUbuk1cc6GlWUCRTEYtXuW6M0rP8Q8IDZY/YGX0Q=="
    },
    "color-convert": {
      "version": "0.5.3",
      "resolved": "https://registry.npmjs.org/color-convert/-/color-convert-0.5.3.tgz",
      "integrity": "sha1-vbbGnOZg+t/+CwAHzER+G59ygr0="
    },
    "dotparser": {
      "version": "1.1.0",
      "resolved": "https://registry.npmjs.org/dotparser/-/dotparser-1.1.0.tgz",
      "integrity": "sha512-+W8YHUwd0F7RNGIdRHTeVwTIC1z8penS3E2xN45iA3iEzrtj9auYUrJ7o+TwQpy2qy/HfnEYoEBAcvUD9d1MyA=="
    },
    "linked-list-typescript": {
      "version": "1.0.15",
      "resolved": "https://registry.npmjs.org/linked-list-typescript/-/linked-list-typescript-1.0.15.tgz",
      "integrity": "sha512-RIyUu9lnJIyIaMe63O7/aFv/T2v3KsMFuXMBbUQCHX+cgtGro86ETDj5ed0a8gQL2+DFjzYYsgVG4I36/cUwgw=="
    },
    "linq-to-typescript": {
      "version": "8.1.0",
      "resolved": "https://registry.npmjs.org/linq-to-typescript/-/linq-to-typescript-8.1.0.tgz",
      "integrity": "sha512-gxx0HEGktFJkJZzgMsqRQCFamgtjSpOFoYACAz+Ic7PPphMPNKxwuxhzU+KBiLxW3o/fXXqNjw3M/WuqkhzjBQ==",
      "requires": {}
    },
    "msagl-js": {
      "version": "0.0.19",
      "resolved": "https://registry.npmjs.org/msagl-js/-/msagl-js-0.0.19.tgz",
      "integrity": "sha512-uyCNJahfrutSjrjNt47TI+IUwTkktQjzHvN+AnyDS+PnC4z6w9NapDQK/9gWJaGsz6bHd6oRy61ld6TunJnBIQ==",
      "requires": {
        "@esfx/collections": "^1.0.0-pre.19",
        "@esfx/collections-sortedmap": "^1.0.0-pre.19",
        "@types/parse-color": "^1.0.1",
        "linq-to-typescript": "^8.1.0",
        "prettier": "^2.4.1",
        "queue-typescript": "^1.0.1",
        "reliable-random": "^0.0.1",
        "stack-typescript": "^1.0.4",
        "typescript-string-operations": "^1.4.1"
      }
    },
    "parse-color": {
      "version": "1.0.0",
      "resolved": "https://registry.npmjs.org/parse-color/-/parse-color-1.0.0.tgz",
      "integrity": "sha1-e3SLlag/A/FqlPU15S1/PZRlhhk=",
      "requires": {
        "color-convert": "~0.5.0"
      }
    },
    "prettier": {
      "version": "2.4.1",
      "resolved": "https://registry.npmjs.org/prettier/-/prettier-2.4.1.tgz",
      "integrity": "sha512-9fbDAXSBcc6Bs1mZrDYb3XKzDLm4EXXL9sC1LqKP5rZkT6KRr/rf9amVUcODVXgguK/isJz0d0hP72WeaKWsvA=="
    },
    "queue-typescript": {
      "version": "1.0.1",
      "resolved": "https://registry.npmjs.org/queue-typescript/-/queue-typescript-1.0.1.tgz",
      "integrity": "sha512-tkK08uPfmpPl0cX1WRSU3EoNb/T5zSoZPGkkpfGX4E8QayWvEmLS2cI3pFngNPkNTCU5pCDQ1IwlzN0L5gdFPg==",
      "requires": {
        "linked-list-typescript": "^1.0.11"
      }
    },
    "reliable-random": {
      "version": "0.0.1",
      "resolved": "https://registry.npmjs.org/reliable-random/-/reliable-random-0.0.1.tgz",
      "integrity": "sha512-xIGavEfnUNhy0PynyoqaWSkPBvDQf1NzVdXWXWYqeMH4Xx+887kuHSkoJm6uR/79XA0T5hkjv4H6GRTSNHih7A=="
    },
    "stack-typescript": {
      "version": "1.0.4",
      "resolved": "https://registry.npmjs.org/stack-typescript/-/stack-typescript-1.0.4.tgz",
      "integrity": "sha512-LAFycOVCWRYP6TDbwXR2XeXTmKjZT+wpdC4GEnBWWYfyTUK7NOassuqVTbUXsEA6CTCgk4FMOkUi+yFS33D1mw==",
      "requires": {
        "linked-list-typescript": "^1.0.11"
      }
    },
    "tslib": {
      "version": "2.3.1",
      "resolved": "https://registry.npmjs.org/tslib/-/tslib-2.3.1.tgz",
      "integrity": "sha512-77EbyPPpMz+FRFRuAFlWMtmgUWGe9UOG2Z25NqCwiIjRhOf5iKGuzSe5P2w1laq+FkRy4p+PCuVkJSGkzTEKVw=="
    },
    "typescript-string-operations": {
      "version": "1.4.1",
      "resolved": "https://registry.npmjs.org/typescript-string-operations/-/typescript-string-operations-1.4.1.tgz",
      "integrity": "sha512-c+q+Tb0hxeebohdT9KpGUAm5zwxhU8pHeNOeuLCGFMXKN0OrldoAxtufrGLR3xSPCXDA4A3IBCEdRNNscVqLQg=="
    }
  }
}
